{
  "name": "BootCamp2026",
  "lockfileVersion": 3,
  "requires": true,
  "packages": {
    "": {
      "dependencies": {
        "node-telegram-bot-api": "^2.0.0"
      }
    },
    "node_modules/node-telegram-bot-api": {
      "version": "2.0.0",
      "resolved": "https://registry.npmjs.org/node-telegram-bot-api/-/node-telegram-bot-api-2.0.0.tgz",
      "integrity": "sha512-Gqo1HNYkIfYnHy25rEMKFFMVLqG+EUmH+C5HLsOguXi4WazaGWwIu9vigMLARv+cKONdU6x9Fj4lKNBLf7h/Uw==",
      "license": "MIT",
      "engines": {
        "node": ">=18"
      }
    }
  }
}
